SITE
  remote: http://community.opscode.com/api/v1
  specs:
    apt (1.9.2)
    build-essential (1.4.0)
    erlang (1.3.0)
      apt (>= 1.7.0)
      build-essential (>= 0.0.0)
      yum (>= 0.5.0)
    yum (2.2.2)

GIT
  remote: git://github.com/fnichol/chef-user.git
  ref: v0.3.0
  sha: 57522be125f3a5ca60672b45caaba07fff1c2fea
  specs:
    user (0.3.0)

GIT
  remote: https://github.com/gchef/ssh-cookbook
  ref: master
  sha: 15f7112dc32ff7e98ed0685124bc535fe739938b
  specs:
    ssh (1.4.0)

DEPENDENCIES
  erlang (>= 0)
  ssh (>= 0)
  user (>= 0)

